
Microsoft Visual Studio Solution File, Format Version 12.00
# Visual Studio Version 16
VisualStudioVersion = 16.0.30907.101
MinimumVisualStudioVersion = 10.0.40219.1
Project("{FAE04EC0-301F-11D3-BF4B-00C04F79EFBC}") = "APStoreAPI", "APStoreAPI\APStoreAPI.csproj", "{8C4EE0FC-F4EC-4DCE-95AF-1B6E933AC52B}"
EndProject
Global
	GlobalSection(SolutionConfigurationPlatforms) = preSolution
		Debug|Any CPU = Debug|Any CPU
		Release|Any CPU = Release|Any CPU
	EndGlobalSection
	GlobalSection(ProjectConfigurationPlatforms) = postSolution
		{8C4EE0FC-F4EC-4DCE-95AF-1B6E933AC52B}.Debug|Any CPU.ActiveCfg = Debug|Any CPU
		{8C4EE0FC-F4EC-4DCE-95AF-1B6E933AC52B}.Debug|Any CPU.Build.0 = Debug|Any CPU
		{8C4EE0FC-F4EC-4DCE-95AF-1B6E933AC52B}.Release|Any CPU.ActiveCfg = Release|Any CPU
		{8C4EE0FC-F4EC-4DCE-95AF-1B6E933AC52B}.Release|Any CPU.Build.0 = Release|Any CPU
	EndGlobalSection
	GlobalSection(SolutionProperties) = preSolution
		HideSolutionNode = FALSE
	EndGlobalSection
	GlobalSection(ExtensibilityGlobals) = postSolution
		SolutionGuid = {BC91714E-DB77-4CC5-AFD5-F98A1C2A1C54}
	EndGlobalSection
EndGlobal
